
Microsoft Visual Studio Solution File, Format Version 12.00
# Visual Studio Version 17
VisualStudioVersion = 17.7.34031.279
MinimumVisualStudioVersion = 10.0.40219.1
Project("{FAE04EC0-301F-11D3-BF4B-00C04F79EFBC}") = "CalculatorCore", "CalculatorCore\CalculatorCore.csproj", "{60473088-8AC8-48A2-B992-76000DF078E5}"
EndProject
Project("{FAE04EC0-301F-11D3-BF4B-00C04F79EFBC}") = "CalculatorTests", "CalculatorTests\CalculatorTests.csproj", "{67348F1B-C917-4F86-9F29-14BFF8C1DEEF}"
EndProject
Global
	GlobalSection(SolutionConfigurationPlatforms) = preSolution
		Debug|Any CPU = Debug|Any CPU
		Release|Any CPU = Release|Any CPU
	EndGlobalSection
	GlobalSection(ProjectConfigurationPlatforms) = postSolution
		{60473088-8AC8-48A2-B992-76000DF078E5}.Debug|Any CPU.ActiveCfg = Debug|Any CPU
		{60473088-8AC8-48A2-B992-76000DF078E5}.Debug|Any CPU.Build.0 = Debug|Any CPU
		{60473088-8AC8-48A2-B992-76000DF078E5}.Release|Any CPU.ActiveCfg = Release|Any CPU
		{60473088-8AC8-48A2-B992-76000DF078E5}.Release|Any CPU.Build.0 = Release|Any CPU
		{67348F1B-C917-4F86-9F29-14BFF8C1DEEF}.Debug|Any CPU.ActiveCfg = Debug|Any CPU
		{67348F1B-C917-4F86-9F29-14BFF8C1DEEF}.Debug|Any CPU.Build.0 = Debug|Any CPU
		{67348F1B-C917-4F86-9F29-14BFF8C1DEEF}.Release|Any CPU.ActiveCfg = Release|Any CPU
		{67348F1B-C917-4F86-9F29-14BFF8C1DEEF}.Release|Any CPU.Build.0 = Release|Any CPU
	EndGlobalSection
	GlobalSection(SolutionProperties) = preSolution
		HideSolutionNode = FALSE
	EndGlobalSection
	GlobalSection(ExtensibilityGlobals) = postSolution
		SolutionGuid = {0190AD8C-CB99-4843-9EAA-4F2232CFFA49}
	EndGlobalSection
EndGlobal
